// !$*UTF8*$!
{
	archiveVersion = 1;
	classes = {
	};
	objectVersion = 46;
	objects = {

/* Begin PBXBuildFile section */
		0818F4011EBC05B400505BBB /* main.m in Sources */ = {isa = PBXBuildFile; fileRef = 0818F4001EBC05B400505BBB /* main.m */; };
		0818F4041EBC05B400505BBB /* AppDelegate.m in Sources */ = {isa = PBXBuildFile; fileRef = 0818F4031EBC05B400505BBB /* AppDelegate.m */; };
		0818F4071EBC05B400505BBB /* ViewController.m in Sources */ = {isa = PBXBuildFile; fileRef = 0818F4061EBC05B400505BBB /* ViewController.m */; };
		0818F40A1EBC05B400505BBB /* Main.storyboard in Resources */ = {isa = PBXBuildFile; fileRef = 0818F4081EBC05B400505BBB /* Main.storyboard */; };
		0818F40C1EBC05B400505BBB /* Assets.xcassets in Resources */ = {isa = PBXBuildFile; fileRef = 0818F40B1EBC05B400505BBB /* Assets.xcassets */; };
		0818F40F1EBC05B400505BBB /* LaunchScreen.storyboard in Resources */ = {isa = PBXBuildFile; fileRef = 0818F40D1EBC05B400505BBB /* LaunchScreen.storyboard */; };
/* End PBXBuildFile section */

/* Begin PBXFileReference section */
		0818F3FC1EBC05B400505BBB /* Registration.app */ = {isa = PBXFileReference; explicitFileType = wrapper.application; includeInIndex = 0; path = Registration.app; sourceTree = BUILT_PRODUCTS_DIR; };
		0818F4001EBC05B400505BBB /* main.m */ = {isa = PBXFileReference; lastKnownFileType = sourcecode.c.objc; path = main.m; sourceTree = "<group>"; };
		0818F4021EBC05B400505BBB /* AppDelegate.h */ = {isa = PBXFileReference; lastKnownFileType = sourcecode.c.h; path = AppDelegate.h; sourceTree = "<group>"; };
		0818F4031EBC05B400505BBB /* AppDelegate.m */ = {isa = PBXFileReference; lastKnownFileType = sourcecode.c.objc; path = AppDelegate.m; sourceTree = "<group>"; };
		0818F4051EBC05B400505BBB /* ViewController.h */ = {isa = PBXFileReference; lastKnownFileType = sourcecode.c.h; path = ViewController.h; sourceTree = "<group>"; };
		0818F4061EBC05B400505BBB /* ViewController.m */ = {isa = PBXFileReference; lastKnownFileType = sourcecode.c.objc; path = ViewController.m; sourceTree = "<group>"; };
		0818F4091EBC05B400505BBB /* Base */ = {isa = PBXFileReference; lastKnownFileType = file.storyboard; name = Base; path = Base.lproj/Main.storyboard; sourceTree = "<group>"; };
		0818F40B1EBC05B400505BBB /* Assets.xcassets */ = {isa = PBXFileReference; lastKnownFileType = folder.assetcatalog; path = Assets.xcassets; sourceTree = "<group>"; };
		0818F40E1EBC05B400505BBB /* Base */ = {isa = PBXFileReference; lastKnownFileType = file.storyboard; name = Base; path = Base.lproj/LaunchScreen.storyboard; sourceTree = "<group>"; };
		0818F4101EBC05B400505BBB /* Info.plist */ = {isa = PBXFileReference; lastKnownFileType = text.plist.xml; path = Info.plist; sourceTree = "<group>"; };
/* End PBXFileReference section */

/* Begin PBXFrameworksBuildPhase section */
		0818F3F91EBC05B400505BBB /* Frameworks */ = {
			isa = PBXFrameworksBuildPhase;
			buildActionMask = 2147483647;
			files = (
			);
			runOnlyForDeploymentPostprocessing = 0;
		};
/* End PBXFrameworksBuildPhase section */

/* Begin PBXGroup section */
		0818F3F31EBC05B300505BBB = {
			isa = PBXGroup;
			children = (
				0818F3FE1EBC05B400505BBB /* Registration */,
				0818F3FD1EBC05B400505BBB /* Products */,
			);
			sourceTree = "<group>";
		};
		0818F3FD1EBC05B400505BBB /* Products */ = {
			isa = PBXGroup;
			children = (
				0818F3FC1EBC05B400505BBB /* Registration.app */,
			);
			name = Products;
			sourceTree = "<group>";
		};
		0818F3FE1EBC05B400505BBB /* Registration */ = {
			isa = PBXGroup;
			children = (
				0818F4021EBC05B400505BBB /* AppDelegate.h */,
				0818F4031EBC05B400505BBB /* AppDelegate.m */,
				0818F4161EBC106E00505BBB /* ViewControllers */,
				0818F4171EBC107900505BBB /* StoryBoards */,
				0818F3FF1EBC05B400505BBB /* Supporting Files */,
			);
			path = Registration;
			sourceTree = "<group>";
		};
		0818F3FF1EBC05B400505BBB /* Supporting Files */ = {
			isa = PBXGroup;
			children = (
				0818F40B1EBC05B400505BBB /* Assets.xcassets */,
				0818F4101EBC05B400505BBB /* Info.plist */,
				0818F4001EBC05B400505BBB /* main.m */,
			);
			name = "Supporting Files";
			sourceTree = "<group>";
		};
		0818F4161EBC106E00505BBB /* ViewControllers */ = {
			isa = PBXGroup;
			children = (
				0818F4051EBC05B400505BBB /* ViewController.h */,
				0818F4061EBC05B400505BBB /* ViewController.m */,
			);
			name = ViewControllers;
			sourceTree = "<group>";
		};
		0818F4171EBC107900505BBB /* StoryBoards */ = {
			isa = PBXGroup;
			children = (
				0818F4081EBC05B400505BBB /* Main.storyboard */,
				0818F40D1EBC05B400505BBB /* LaunchScreen.storyboard */,
			);
			name = StoryBoards;
			sourceTree = "<group>";
		};
/* End PBXGroup section */

/* Begin PBXNativeTarget section */
		0818F3FB1EBC05B400505BBB /* Registration */ = {
			isa = PBXNativeTarget;
			buildConfigurationList = 0818F4131EBC05B400505BBB /* Build configuration list for PBXNativeTarget "Registration" */;
			buildPhases = (
				0818F3F81EBC05B400505BBB /* Sources */,
				0818F3F91EBC05B400505BBB /* Frameworks */,
				0818F3FA1EBC05B400505BBB /* Resources */,
			);
			buildRules = (
			);
			dependencies = (
			);
			name = Registration;
			productName = Registration;
			productReference = 0818F3FC1EBC05B400505BBB /* Registration.app */;
			productType = "com.apple.product-type.application";
		};
/* End PBXNativeTarget section */

/* Begin PBXProject section */
		0818F3F41EBC05B300505BBB /* Project object */ = {
			isa = PBXProject;
			attributes = {
				LastUpgradeCheck = 0830;
				ORGANIZATIONNAME = "Alex Pearce";
				TargetAttributes = {
					0818F3FB1EBC05B400505BBB = {
						CreatedOnToolsVersion = 8.3.2;
						ProvisioningStyle = Automatic;
					};
				};
			};
			buildConfigurationList = 0818F3F71EBC05B300505BBB /* Build configuration list for PBXProject "Registration" */;
			compatibilityVersion = "Xcode 3.2";
			developmentRegion = English;
			hasScannedForEncodings = 0;
			knownRegions = (
				en,
				Base,
			);
			mainGroup = 0818F3F31EBC05B300505BBB;
			productRefGroup = 0818F3FD1EBC05B400505BBB /* Products */;
			projectDirPath = "";
			projectRoot = "";
			targets = (
				0818F3FB1EBC05B400505BBB /* Registration */,
			);
		};
/* End PBXProject section */

/* Begin PBXResourcesBuildPhase section */
		0818F3FA1EBC05B400505BBB /* Resources */ = {
			isa = PBXResourcesBuildPhase;
			buildActionMask = 2147483647;
			files = (
				0818F40F1EBC05B400505BBB /* LaunchScreen.storyboard in Resources */,
				0818F40C1EBC05B400505BBB /* Assets.xcassets in Resources */,
				0818F40A1EBC05B400505BBB /* Main.storyboard in Resources */,
			);
			runOnlyForDeploymentPostprocessing = 0;
		};
/* End PBXResourcesBuildPhase section */

/* Begin PBXSourcesBuildPhase section */
		0818F3F81EBC05B400505BBB /* Sources */ = {
			isa = PBXSourcesBuildPhase;
			buildActionMask = 2147483647;
			files = (
				0818F4071EBC05B400505BBB /* ViewController.m in Sources */,
				0818F4041EBC05B400505BBB /* AppDelegate.m in Sources */,
				0818F4011EBC05B400505BBB /* main.m in Sources */,
			);
			runOnlyForDeploymentPostprocessing = 0;
		};
/* End PBXSourcesBuildPhase section */

/* Begin PBXVariantGroup section */
		0818F4081EBC05B400505BBB /* Main.storyboard */ = {
			isa = PBXVariantGroup;
			children = (
				0818F4091EBC05B400505BBB /* Base */,
			);
			name = Main.storyboard;
			sourceTree = "<group>";
		};
		0818F40D1EBC05B400505BBB /* LaunchScreen.storyboard */ = {
			isa = PBXVariantGroup;
			children = (
				0818F40E1EBC05B400505BBB /* Base */,
			);
			name = LaunchScreen.storyboard;
			sourceTree = "<group>";
		};
/* End PBXVariantGroup section */

/* Begin XCBuildConfiguration section */
		0818F4111EBC05B400505BBB /* Debug */ = {
			isa = XCBuildConfiguration;
			buildSettings = {
				ALWAYS_SEARCH_USER_PATHS = NO;
				CLANG_ANALYZER_NONNULL = YES;
				CLANG_ANALYZER_NUMBER_OBJECT_CONVERSION = YES_AGGRESSIVE;
				CLANG_CXX_LANGUAGE_STANDARD = "gnu++0x";
				CLANG_CXX_LIBRARY = "libc++";
				CLANG_ENABLE_MODULES = YES;
				CLANG_ENABLE_OBJC_ARC = YES;
				CLANG_WARN_BOOL_CONVERSION = YES;
				CLANG_WARN_CONSTANT_CONVERSION = YES;
				CLANG_WARN_DIRECT_OBJC_ISA_USAGE = YES_ERROR;
				CLANG_WARN_DOCUMENTATION_COMMENTS = YES;
				CLANG_WARN_EMPTY_BODY = YES;
				CLANG_WARN_ENUM_CONVERSION = YES;
				CLANG_WARN_INFINITE_RECURSION = YES;
				CLANG_WARN_INT_CONVERSION = YES;
				CLANG_WARN_OBJC_ROOT_CLASS = YES_ERROR;
				CLANG_WARN_SUSPICIOUS_MOVE = YES;
				CLANG_WARN_UNREACHABLE_CODE = YES;
				CLANG_WARN__DUPLICATE_METHOD_MATCH = YES;
				"CODE_SIGN_IDENTITY[sdk=iphoneos*]" = "iPhone Developer";
				COPY_PHASE_STRIP = NO;
				DEBUG_INFORMATION_FORMAT = dwarf;
				ENABLE_STRICT_OBJC_MSGSEND = YES;
				ENABLE_TESTABILITY = YES;
				GCC_C_LANGUAGE_STANDARD = gnu99;
				GCC_DYNAMIC_NO_PIC = NO;
				GCC_NO_COMMON_BLOCKS = YES;
				GCC_OPTIMIZATION_LEVEL = 0;
				GCC_PREPROCESSOR_DEFINITIONS = (
					"DEBUG=1",
					"$(inherited)",
				);
				GCC_WARN_64_TO_32_BIT_CONVERSION = YES;
				GCC_WARN_ABOUT_RETURN_TYPE = YES_ERROR;
				GCC_WARN_UNDECLARED_SELECTOR = YES;
				GCC_WARN_UNINITIALIZED_AUTOS = YES_AGGRESSIVE;
				GCC_WARN_UNUSED_FUNCTION = YES;
				GCC_WARN_UNUSED_VARIABLE = YES;
				IPHONEOS_DEPLOYMENT_TARGET = 10.3;
				MTL_ENABLE_DEBUG_INFO = YES;
				ONLY_ACTIVE_ARCH = YES;
				SDKROOT = iphoneos;
				TARGETED_DEVICE_FAMILY = "1,2";
			};
			name = Debug;
		};
		0818F4121EBC05B400505BBB /* Release */ = {
			isa = XCBuildConfiguration;
			buildSettings = {
				ALWAYS_SEARCH_USER_PATHS = NO;
				CLANG_ANALYZER_NONNULL = YES;
				CLANG_ANALYZER_NUMBER_OBJECT_CONVERSION = YES_AGGRESSIVE;
				CLANG_CXX_LANGUAGE_STANDARD = "gnu++0x";
				CLANG_CXX_LIBRARY = "libc++";
				CLANG_ENABLE_MODULES = YES;
				CLANG_ENABLE_OBJC_ARC = YES;
				CLANG_WARN_BOOL_CONVERSION = YES;
				CLANG_WARN_CONSTANT_CONVERSION = YES;
				CLANG_WARN_DIRECT_OBJC_ISA_USAGE = YES_ERROR;
				CLANG_WARN_DOCUMENTATION_COMMENTS = YES;
				CLANG_WARN_EMPTY_BODY = YES;
				CLANG_WARN_ENUM_CONVERSION = YES;
				CLANG_WARN_INFINITE_RECURSION = YES;
				CLANG_WARN_INT_CONVERSION = YES;
				CLANG_WARN_OBJC_ROOT_CLASS = YES_ERROR;
				CLANG_WARN_SUSPICIOUS_MOVE = YES;
				CLANG_WARN_UNREACHABLE_CODE = YES;
				CLANG_WARN__DUPLICATE_METHOD_MATCH = YES;
				"CODE_SIGN_IDENTITY[sdk=iphoneos*]" = "iPhone Developer";
				COPY_PHASE_STRIP = NO;
				DEBUG_INFORMATION_FORMAT = "dwarf-with-dsym";
				ENABLE_NS_ASSERTIONS = NO;
				ENABLE_STRICT_OBJC_MSGSEND = YES;
				GCC_C_LANGUAGE_STANDARD = gnu99;
				GCC_NO_COMMON_BLOCKS = YES;
				GCC_WARN_64_TO_32_BIT_CONVERSION = YES;
				GCC_WARN_ABOUT_RETURN_TYPE = YES_ERROR;
				GCC_WARN_UNDECLARED_SELECTOR = YES;
				GCC_WARN_UNINITIALIZED_AUTOS = YES_AGGRESSIVE;
				GCC_WARN_UNUSED_FUNCTION = YES;
				GCC_WARN_UNUSED_VARIABLE = YES;
				IPHONEOS_DEPLOYMENT_TARGET = 10.3;
				MTL_ENABLE_DEBUG_INFO = NO;
				SDKROOT = iphoneos;
				TARGETED_DEVICE_FAMILY = "1,2";
				VALIDATE_PRODUCT = YES;
			};
			name = Release;
		};
		0818F4141EBC05B400505BBB /* Debug */ = {
			isa = XCBuildConfiguration;
			buildSettings = {
				ASSETCATALOG_COMPILER_APPICON_NAME = AppIcon;
				INFOPLIST_FILE = Registration/Info.plist;
				LD_RUNPATH_SEARCH_PATHS = "$(inherited) @executable_path/Frameworks";
				PRODUCT_BUNDLE_IDENTIFIER = sofiaknezevic.Registration;
				PRODUCT_NAME = "$(TARGET_NAME)";
			};
			name = Debug;
		};
		0818F4151EBC05B400505BBB /* Release */ = {
			isa = XCBuildConfiguration;
			buildSettings = {
				ASSETCATALOG_COMPILER_APPICON_NAME = AppIcon;
				INFOPLIST_FILE = Registration/Info.plist;
				LD_RUNPATH_SEARCH_PATHS = "$(inherited) @executable_path/Frameworks";
				PRODUCT_BUNDLE_IDENTIFIER = sofiaknezevic.Registration;
				PRODUCT_NAME = "$(TARGET_NAME)";
			};
			name = Release;
		};
/* End XCBuildConfiguration section */

/* Begin XCConfigurationList section */
		0818F3F71EBC05B300505BBB /* Build configuration list for PBXProject "Registration" */ = {
			isa = XCConfigurationList;
			buildConfigurations = (
				0818F4111EBC05B400505BBB /* Debug */,
				0818F4121EBC05B400505BBB /* Release */,
			);
			defaultConfigurationIsVisible = 0;
			defaultConfigurationName = Release;
		};
		0818F4131EBC05B400505BBB /* Build configuration list for PBXNativeTarget "Registration" */ = {
			isa = XCConfigurationList;
			buildConfigurations = (
				0818F4141EBC05B400505BBB /* Debug */,
				0818F4151EBC05B400505BBB /* Release */,
			);
			defaultConfigurationIsVisible = 0;
		};
/* End XCConfigurationList section */
	};
	rootObject = 0818F3F41EBC05B300505BBB /* Project object */;
}
